
Microsoft Visual Studio Solution File, Format Version 12.00
# Visual Studio Version 17
VisualStudioVersion = 17.4.33403.182
MinimumVisualStudioVersion = 10.0.40219.1
Project("{FAE04EC0-301F-11D3-BF4B-00C04F79EFBC}") = "Lab_5_GUI", "Lab_5_GUI\Lab_5_GUI.csproj", "{D804DF4B-B6F0-4BD2-9092-77AE8FF9D7ED}"
EndProject
Global
	GlobalSection(SolutionConfigurationPlatforms) = preSolution
		Debug|Any CPU = Debug|Any CPU
		Release|Any CPU = Release|Any CPU
	EndGlobalSection
	GlobalSection(ProjectConfigurationPlatforms) = postSolution
		{D804DF4B-B6F0-4BD2-9092-77AE8FF9D7ED}.Debug|Any CPU.ActiveCfg = Debug|Any CPU
		{D804DF4B-B6F0-4BD2-9092-77AE8FF9D7ED}.Debug|Any CPU.Build.0 = Debug|Any CPU
		{D804DF4B-B6F0-4BD2-9092-77AE8FF9D7ED}.Release|Any CPU.ActiveCfg = Release|Any CPU
		{D804DF4B-B6F0-4BD2-9092-77AE8FF9D7ED}.Release|Any CPU.Build.0 = Release|Any CPU
	EndGlobalSection
	GlobalSection(SolutionProperties) = preSolution
		HideSolutionNode = FALSE
	EndGlobalSection
	GlobalSection(ExtensibilityGlobals) = postSolution
		SolutionGuid = {A78E5AD8-263A-4B11-8DB8-49CB2EAFAE60}
	EndGlobalSection
EndGlobal
